
Microsoft Visual Studio Solution File, Format Version 12.00
# Visual Studio Version 17
VisualStudioVersion = 17.5.33424.131
MinimumVisualStudioVersion = 10.0.40219.1
Project("{FAE04EC0-301F-11D3-BF4B-00C04F79EFBC}") = "LISTA4-PR2", "LISTA4-PR2\LISTA4-PR2.csproj", "{4EAB881F-FF85-47A0-9AC2-11C8BCD4A863}"
EndProject
Global
	GlobalSection(SolutionConfigurationPlatforms) = preSolution
		Debug|Any CPU = Debug|Any CPU
		Release|Any CPU = Release|Any CPU
	EndGlobalSection
	GlobalSection(ProjectConfigurationPlatforms) = postSolution
		{4EAB881F-FF85-47A0-9AC2-11C8BCD4A863}.Debug|Any CPU.ActiveCfg = Debug|Any CPU
		{4EAB881F-FF85-47A0-9AC2-11C8BCD4A863}.Debug|Any CPU.Build.0 = Debug|Any CPU
		{4EAB881F-FF85-47A0-9AC2-11C8BCD4A863}.Release|Any CPU.ActiveCfg = Release|Any CPU
		{4EAB881F-FF85-47A0-9AC2-11C8BCD4A863}.Release|Any CPU.Build.0 = Release|Any CPU
	EndGlobalSection
	GlobalSection(SolutionProperties) = preSolution
		HideSolutionNode = FALSE
	EndGlobalSection
	GlobalSection(ExtensibilityGlobals) = postSolution
		SolutionGuid = {49F0F188-2F61-4E91-A284-ADA662A317ED}
	EndGlobalSection
EndGlobal
